<?xml version="1.0" encoding="utf-8"?>
<Project ToolsVersion="4.0" xmlns="http://schemas.microsoft.com/developer/msbuild/2003">
  <ItemGroup>
    <Filter Include="Source Files">
      <UniqueIdentifier>{4FC737F1-C7A5-4376-A066-2A32D752A2FF}</UniqueIdentifier>
      <Extensions>cpp;c;cc;cxx;def;odl;idl;hpj;bat;asm;asmx</Extensions>
    </Filter>
    <Filter Include="Header Files">
      <UniqueIdentifier>{93995380-89BD-4b04-88EB-625FBE52EBFB}</UniqueIdentifier>
      <Extensions>h;hh;hpp;hxx;hm;inl;inc;xsd</Extensions>
    </Filter>
    <Filter Include="Resource Files">
      <UniqueIdentifier>{67DA6AB6-F800-4c08-8B7A-83BB121AAD01}</UniqueIdentifier>
      <Extensions>qrc;rc;ico;cur;bmp;dlg;rc2;rct;bin;rgs;gif;jpg;jpeg;jpe;resx;tiff;tif;png;wav;mfcribbon-ms</Extensions>
    </Filter>
    <Filter Include="Form Files">
      <UniqueIdentifier>{99349809-55BA-4b9d-BF79-8FDBB0286EB3}</UniqueIdentifier>
      <Extensions>ui</Extensions>
    </Filter>
    <Filter Include="Translation Files">
      <UniqueIdentifier>{639EADAA-A684-42e4-A9AD-28FC9BCB8F7C}</UniqueIdentifier>
      <Extensions>ts</Extensions>
    </Filter>
    <Filter Include="Header Files\view">
      <UniqueIdentifier>{9771b2c6-f45c-471a-a9f3-770a759121ab}</UniqueIdentifier>
    </Filter>
    <Filter Include="Header Files\model">
      <UniqueIdentifier>{825094e6-1bf7-4831-a87e-f89aa7ddea4a}</UniqueIdentifier>
    </Filter>
    <Filter Include="Header Files\custom_widgets">
      <UniqueIdentifier>{b0093c01-7ffb-4209-9ab3-0705670e7b27}</UniqueIdentifier>
    </Filter>
    <Filter Include="Form Files\menu">
      <UniqueIdentifier>{4e95317b-5ad5-4afe-b741-57f7813a4c91}</UniqueIdentifier>
    </Filter>
    <Filter Include="Header Files\menu">
      <UniqueIdentifier>{0c4fda8e-de65-43e8-9c98-8ba22aea59cb}</UniqueIdentifier>
    </Filter>
    <Filter Include="Source Files\menu">
      <UniqueIdentifier>{e532da5c-1a9d-4d20-a82a-4c8f89503b22}</UniqueIdentifier>
    </Filter>
    <Filter Include="Form Files\menu\workspace">
      <UniqueIdentifier>{94dea08b-d10f-409f-8bb8-232ecd3f098d}</UniqueIdentifier>
    </Filter>
    <Filter Include="Header Files\menu\workspace">
      <UniqueIdentifier>{94f389e0-c747-4184-a4ff-47173b5fab99}</UniqueIdentifier>
    </Filter>
    <Filter Include="Source Files\menu\workspace">
      <UniqueIdentifier>{94f215a4-64ea-4836-9aac-86abd4d26fa8}</UniqueIdentifier>
    </Filter>
    <Filter Include="Header Files\view\delegate">
      <UniqueIdentifier>{2f5e557f-6b58-4507-b369-fbdbefb8b052}</UniqueIdentifier>
    </Filter>
    <Filter Include="Header Files\util">
      <UniqueIdentifier>{f4268cf2-a061-4ed3-b95a-ab965eb05588}</UniqueIdentifier>
    </Filter>
    <Filter Include="Header Files\popup">
      <UniqueIdentifier>{d9df2df5-37ac-4613-b51b-665dea16f713}</UniqueIdentifier>
    </Filter>
    <Filter Include="Source Files\popup">
      <UniqueIdentifier>{ec882ae3-f661-4965-a734-6bf451932c2c}</UniqueIdentifier>
    </Filter>
    <Filter Include="DOS">
      <UniqueIdentifier>{06bfc985-da89-4b37-a1c3-76b7ec13730c}</UniqueIdentifier>
    </Filter>
    <Filter Include="Header Files\popup\delegate">
      <UniqueIdentifier>{6ec2c5ad-f9fd-46c1-93d3-900171e34daa}</UniqueIdentifier>
    </Filter>
    <Filter Include="Form Files\popup">
      <UniqueIdentifier>{1a4e95ca-8b57-4d7d-8b93-3185aa0fc946}</UniqueIdentifier>
    </Filter>
    <Filter Include="Source Files\view">
      <UniqueIdentifier>{321212ce-eb9e-40a2-a7cb-6f4023033e2a}</UniqueIdentifier>
    </Filter>
    <Filter Include="DOS\ODE">
      <UniqueIdentifier>{cb19099a-4267-4af9-a59c-acd2fa9be160}</UniqueIdentifier>
    </Filter>
    <Filter Include="DOS\SB">
      <UniqueIdentifier>{b3c772df-b4bd-4fa8-bc18-783397284d8c}</UniqueIdentifier>
    </Filter>
    <Filter Include="DOS\O">
      <UniqueIdentifier>{c3e9577c-2527-4e87-bc41-77343d0cc75f}</UniqueIdentifier>
    </Filter>
  </ItemGroup>
  <ItemGroup>
    <ClCompile Include="main.cpp">
      <Filter>Source Files</Filter>
    </ClCompile>
    <ClCompile Include="main_window.cpp">
      <Filter>Source Files</Filter>
    </ClCompile>
    <ClCompile Include="menu\workspace\workspace_load.cpp">
      <Filter>Source Files\menu\workspace</Filter>
    </ClCompile>
    <ClCompile Include="menu\workspace\workspace_save.cpp">
      <Filter>Source Files\menu\workspace</Filter>
    </ClCompile>
    <ClCompile Include="menu\workspace\workspace_clear.cpp">
      <Filter>Source Files\menu\workspace</Filter>
    </ClCompile>
    <ClCompile Include="tabs\popup\edit_equation.cpp">
      <Filter>Source Files\popup</Filter>
    </ClCompile>
    <ClCompile Include="tabs\popup\edit_table_view.cpp">
      <Filter>Source Files\popup</Filter>
    </ClCompile>
    <ClCompile Include="tabs\popup\edit_table_model.cpp">
      <Filter>Source Files\popup</Filter>
    </ClCompile>
    <ClCompile Include="tabs\popup\edit_table.cpp">
      <Filter>Source Files\popup</Filter>
    </ClCompile>
    <ClCompile Include="tabs\popup\edit_table_delegate.cpp">
      <Filter>Header Files\popup\delegate</Filter>
    </ClCompile>
    <ClCompile Include="tabs\popup\add_comment.cpp">
      <Filter>Source Files\popup</Filter>
    </ClCompile>
    <ClCompile Include="tabs\popup\add_identity.cpp">
      <Filter>Source Files\popup</Filter>
    </ClCompile>
    <ClCompile Include="tabs\popup\add_list.cpp">
      <Filter>Source Files\popup</Filter>
    </ClCompile>
    <ClCompile Include="tabs\popup\add_scalar.cpp">
      <Filter>Source Files\popup</Filter>
    </ClCompile>
    <ClCompile Include="tabs\popup\add_table.cpp">
      <Filter>Source Files\popup</Filter>
    </ClCompile>
    <ClCompile Include="tabs\popup\add_variable.cpp">
      <Filter>Source Files\popup</Filter>
    </ClCompile>
    <ClCompile Include="tabs\comments_view.cpp">
      <Filter>Source Files\view</Filter>
    </ClCompile>
    <ClCompile Include="tabs\equations_view.cpp">
      <Filter>Source Files\view</Filter>
    </ClCompile>
    <ClCompile Include="tabs\identities_view.cpp">
      <Filter>Source Files\view</Filter>
    </ClCompile>
    <ClCompile Include="tabs\lists_view.cpp">
      <Filter>Source Files\view</Filter>
    </ClCompile>
    <ClCompile Include="tabs\scalars_view.cpp">
      <Filter>Source Files\view</Filter>
    </ClCompile>
    <ClCompile Include="tabs\tables_view.cpp">
      <Filter>Source Files\view</Filter>
    </ClCompile>
    <ClCompile Include="tabs\variables_view.cpp">
      <Filter>Source Files\view</Filter>
    </ClCompile>
    <ClCompile Include="tabs\popup\edit_vars_sample.cpp">
      <Filter>Source Files\popup</Filter>
    </ClCompile>
  </ItemGroup>
  <ItemGroup>
    <ClInclude Include="tabs\abstract_table_view.h">
      <Filter>Header Files\view</Filter>
    </ClInclude>
    <ClInclude Include="tabs\abstract_table_model.h">
      <Filter>Header Files\model</Filter>
    </ClInclude>
    <ClInclude Include="wrapper_classes.h">
      <Filter>Header Files</Filter>
    </ClInclude>
    <ClInclude Include="util\double_validator.h">
      <Filter>Header Files\util</Filter>
    </ClInclude>
    <ClInclude Include="tabs\popup_view.h">
      <Filter>Header Files\view</Filter>
    </ClInclude>
  </ItemGroup>
  <ItemGroup>
    <QtMoc Include="main_window.h">
      <Filter>Header Files</Filter>
    </QtMoc>
    <QtMoc Include="utils.h">
      <Filter>Header Files</Filter>
    </QtMoc>
    <QtMoc Include="tabs\tables_view.h">
      <Filter>Header Files\view</Filter>
    </QtMoc>
    <QtMoc Include="tabs\scalars_view.h">
      <Filter>Header Files\view</Filter>
    </QtMoc>
    <QtMoc Include="tabs\lists_view.h">
      <Filter>Header Files\view</Filter>
    </QtMoc>
    <QtMoc Include="tabs\identities_view.h">
      <Filter>Header Files\view</Filter>
    </QtMoc>
    <QtMoc Include="tabs\equations_view.h">
      <Filter>Header Files\view</Filter>
    </QtMoc>
    <QtMoc Include="tabs\comments_view.h">
      <Filter>Header Files\view</Filter>
    </QtMoc>
    <QtMoc Include="tabs\variables_view.h">
      <Filter>Header Files\view</Filter>
    </QtMoc>
    <QtMoc Include="tabs\variables_model.h">
      <Filter>Header Files\model</Filter>
    </QtMoc>
    <QtMoc Include="tabs\tables_model.h">
      <Filter>Header Files\model</Filter>
    </QtMoc>
    <QtMoc Include="tabs\scalars_model.h">
      <Filter>Header Files\model</Filter>
    </QtMoc>
    <QtMoc Include="tabs\lists_model.h">
      <Filter>Header Files\model</Filter>
    </QtMoc>
    <QtMoc Include="tabs\identities_model.h">
      <Filter>Header Files\model</Filter>
    </QtMoc>
    <QtMoc Include="tabs\equations_model.h">
      <Filter>Header Files\model</Filter>
    </QtMoc>
    <QtMoc Include="tabs\comments_model.h">
      <Filter>Header Files\model</Filter>
    </QtMoc>
    <QtMoc Include="custom_widgets\qfilechooser.h">
      <Filter>Header Files\custom_widgets</Filter>
    </QtMoc>
    <QtMoc Include="custom_widgets\qsampleedit.h">
      <Filter>Header Files\custom_widgets</Filter>
    </QtMoc>
    <QtMoc Include="menu\workspace\workspace_load.h">
      <Filter>Header Files\menu\workspace</Filter>
    </QtMoc>
    <QtMoc Include="menu\workspace\workspace_save.h">
      <Filter>Header Files\menu\workspace</Filter>
    </QtMoc>
    <QtMoc Include="menu\workspace\workspace_clear.h">
      <Filter>Header Files\menu\workspace</Filter>
    </QtMoc>
    <QtMoc Include="tabs\abstract_delegate.h">
      <Filter>Header Files\view\delegate</Filter>
    </QtMoc>
    <QtMoc Include="tabs\text_delegate.h">
      <Filter>Header Files\view\delegate</Filter>
    </QtMoc>
    <QtMoc Include="tabs\scalars_delegate.h">
      <Filter>Header Files\view\delegate</Filter>
    </QtMoc>
    <QtMoc Include="tabs\variables_delegate.h">
      <Filter>Header Files\view\delegate</Filter>
    </QtMoc>
    <QtMoc Include="tabs\comments_delegate.h">
      <Filter>Header Files\view\delegate</Filter>
    </QtMoc>
    <QtMoc Include="tabs\equations_delegate.h">
      <Filter>Header Files\view\delegate</Filter>
    </QtMoc>
    <QtMoc Include="tabs\identities_delegate.h">
      <Filter>Header Files\view\delegate</Filter>
    </QtMoc>
    <QtMoc Include="tabs\lists_delegate.h">
      <Filter>Header Files\view\delegate</Filter>
    </QtMoc>
    <QtMoc Include="tabs\tables_delegate.h">
      <Filter>Header Files\view\delegate</Filter>
    </QtMoc>
    <QtMoc Include="tabs\popup\edit_equation.h">
      <Filter>Header Files\popup</Filter>
    </QtMoc>
    <QtMoc Include="tabs\popup\edit_table_view.h">
      <Filter>Header Files\popup</Filter>
    </QtMoc>
    <QtMoc Include="tabs\popup_delegate.h">
      <Filter>Header Files\view\delegate</Filter>
    </QtMoc>
    <QtMoc Include="tabs\popup\edit_table_model.h">
      <Filter>Header Files\popup</Filter>
    </QtMoc>
    <QtMoc Include="tabs\popup\edit_table.h">
      <Filter>Header Files\popup</Filter>
    </QtMoc>
    <QtMoc Include="tabs\popup\edit_table_delegate.h">
      <Filter>Header Files\popup\delegate</Filter>
    </QtMoc>
    <QtMoc Include="tabs\popup\add_comment.h">
      <Filter>Header Files\popup</Filter>
    </QtMoc>
    <QtMoc Include="tabs\popup\add_identity.h">
      <Filter>Header Files\popup</Filter>
    </QtMoc>
    <QtMoc Include="tabs\popup\add_list.h">
      <Filter>Header Files\popup</Filter>
    </QtMoc>
    <QtMoc Include="tabs\popup\add_variable.h">
      <Filter>Header Files\popup</Filter>
    </QtMoc>
    <QtMoc Include="tabs\popup\edit_vars_sample.h">
      <Filter>Header Files\popup</Filter>
    </QtMoc>
    <QtMoc Include="tabs\popup\add_scalar.h">
      <Filter>Header Files\popup</Filter>
    </QtMoc>
    <QtMoc Include="tabs\popup\add_table.h">
      <Filter>Header Files\popup</Filter>
    </QtMoc>
  </ItemGroup>
  <ItemGroup>
    <QtUic Include="main_window.ui">
      <Filter>Form Files</Filter>
    </QtUic>
    <QtUic Include="menu\workspace\workspace_load.ui">
      <Filter>Form Files\menu\workspace</Filter>
    </QtUic>
    <QtUic Include="menu\workspace\workspace_save.ui">
      <Filter>Form Files\menu\workspace</Filter>
    </QtUic>
    <QtUic Include="menu\workspace\workspace_clear.ui">
      <Filter>Form Files\menu\workspace</Filter>
    </QtUic>
    <QtUic Include="tabs\popup\add_object.ui">
      <Filter>Form Files\popup</Filter>
    </QtUic>
    <QtUic Include="tabs\popup\edit_equation.ui">
      <Filter>Form Files\popup</Filter>
    </QtUic>
    <QtUic Include="tabs\popup\edit_table.ui">
      <Filter>Form Files\popup</Filter>
    </QtUic>
    <QtUic Include="tabs\popup\edit_vars_sample.ui">
      <Filter>Form Files\popup</Filter>
    </QtUic>
    <QtUic Include="tabs\popup\add_scalar.ui">
      <Filter>Form Files\popup</Filter>
    </QtUic>
    <QtUic Include="tabs\popup\add_table.ui">
      <Filter>Form Files\popup</Filter>
    </QtUic>
  </ItemGroup>
  <ItemGroup>
    <Text Include="DOS\O\DOS_O_ABORT.C">
      <Filter>DOS\O</Filter>
    </Text>
    <Text Include="DOS\O\DOS_O_EDIT.C">
      <Filter>DOS\O</Filter>
    </Text>
    <Text Include="DOS\O\DOS_O_EST.C">
      <Filter>DOS\O</Filter>
    </Text>
    <Text Include="DOS\O\DOS_O_GR.C">
      <Filter>DOS\O</Filter>
    </Text>
    <Text Include="DOS\O\DOS_O_HELP.C">
      <Filter>DOS\O</Filter>
    </Text>
    <Text Include="DOS\O\DOS_O_MISC.C">
      <Filter>DOS\O</Filter>
    </Text>
    <Text Include="DOS\O\DOS_O_MISCV.C">
      <Filter>DOS\O</Filter>
    </Text>
    <Text Include="DOS\O\DOS_O_SCR.C">
      <Filter>DOS\O</Filter>
    </Text>
    <Text Include="DOS\O\DOS_O_SCROLL.C">
      <Filter>DOS\O</Filter>
    </Text>
    <Text Include="DOS\O\DOS_O_TAB.C">
      <Filter>DOS\O</Filter>
    </Text>
    <Text Include="DOS\O\DOS_O_VT.C">
      <Filter>DOS\O</Filter>
    </Text>
    <Text Include="DOS\ODE\DOS_ODE_Combobox.txt">
      <Filter>DOS\ODE</Filter>
    </Text>
    <Text Include="DOS\ODE\DOS_ODE_Compute.txt">
      <Filter>DOS\ODE</Filter>
    </Text>
    <Text Include="DOS\ODE\DOS_ODE_Data.txt">
      <Filter>DOS\ODE</Filter>
    </Text>
    <Text Include="DOS\ODE\DOS_ODE_File.txt">
      <Filter>DOS\ODE</Filter>
    </Text>
    <Text Include="DOS\ODE\DOS_ODE_Menu.txt">
      <Filter>DOS\ODE</Filter>
    </Text>
    <Text Include="DOS\ODE\DOS_ODE_Print.txt">
      <Filter>DOS\ODE</Filter>
    </Text>
    <Text Include="DOS\ODE\DOS_ODE_Profile.txt">
      <Filter>DOS\ODE</Filter>
    </Text>
    <Text Include="DOS\ODE\DOS_ODE_Report.txt">
      <Filter>DOS\ODE</Filter>
    </Text>
    <Text Include="DOS\ODE\DOS_ODE_Workspace.txt">
      <Filter>DOS\ODE</Filter>
    </Text>
    <Text Include="DOS\ODE\DOS_ODE_X.txt">
      <Filter>DOS\ODE</Filter>
    </Text>
    <Text Include="DOS\SB\DOS_SB_DATA.C">
      <Filter>DOS\SB</Filter>
    </Text>
    <Text Include="DOS\SB\DOS_SB_EST.C">
      <Filter>DOS\SB</Filter>
    </Text>
    <Text Include="DOS\SB\DOS_SB_FILE.C">
      <Filter>DOS\SB</Filter>
    </Text>
    <Text Include="DOS\SB\DOS_SB_GLOBAL.C">
      <Filter>DOS\SB</Filter>
    </Text>
    <Text Include="DOS\SB\DOS_SB_GUI.C">
      <Filter>DOS\SB</Filter>
    </Text>
    <Text Include="DOS\SB\DOS_SB_IDT.C">
      <Filter>DOS\SB</Filter>
    </Text>
    <Text Include="DOS\SB\DOS_SB_MODEL.C">
      <Filter>DOS\SB</Filter>
    </Text>
    <Text Include="DOS\SB\DOS_SB_PDEST.C">
      <Filter>DOS\SB</Filter>
    </Text>
    <Text Include="DOS\SB\DOS_SB_PRINT.C">
      <Filter>DOS\SB</Filter>
    </Text>
    <Text Include="DOS\SB\DOS_SB_PROF.C">
      <Filter>DOS\SB</Filter>
    </Text>
    <Text Include="DOS\SB\DOS_SB_REP.C">
      <Filter>DOS\SB</Filter>
    </Text>
    <Text Include="DOS\SB\DOS_SB_VIEW.C">
      <Filter>DOS\SB</Filter>
    </Text>
    <Text Include="DOS\SB\DOS_SB_WS.C">
      <Filter>DOS\SB</Filter>
    </Text>
    <Text Include="DOS\SB\DOS_SB_XODE.C">
      <Filter>DOS\SB</Filter>
    </Text>
  </ItemGroup>
</Project>