<?xml version="1.0" encoding="utf-8"?>
<Project ToolsVersion="4.0" xmlns="http://schemas.microsoft.com/developer/msbuild/2003">
  <ItemGroup>
    <Filter Include="Source Files">
      <UniqueIdentifier>{4FC737F1-C7A5-4376-A066-2A32D752A2FF}</UniqueIdentifier>
      <Extensions>cpp;c;cc;cxx;def;odl;idl;hpj;bat;asm;asmx</Extensions>
    </Filter>
    <Filter Include="Header Files">
      <UniqueIdentifier>{93995380-89BD-4b04-88EB-625FBE52EBFB}</UniqueIdentifier>
      <Extensions>h;hh;hpp;hxx;hm;inl;inc;xsd</Extensions>
    </Filter>
    <Filter Include="Resource Files">
      <UniqueIdentifier>{67DA6AB6-F800-4c08-8B7A-83BB121AAD01}</UniqueIdentifier>
      <Extensions>qrc;rc;ico;cur;bmp;dlg;rc2;rct;bin;rgs;gif;jpg;jpeg;jpe;resx;tiff;tif;png;wav;mfcribbon-ms</Extensions>
    </Filter>
    <Filter Include="Form Files">
      <UniqueIdentifier>{99349809-55BA-4b9d-BF79-8FDBB0286EB3}</UniqueIdentifier>
      <Extensions>ui</Extensions>
    </Filter>
    <Filter Include="Translation Files">
      <UniqueIdentifier>{639EADAA-A684-42e4-A9AD-28FC9BCB8F7C}</UniqueIdentifier>
      <Extensions>ts</Extensions>
    </Filter>
    <Filter Include="Source Files\legacy">
      <UniqueIdentifier>{bb9de6cb-7f36-4fd6-9c46-fc5c73485e30}</UniqueIdentifier>
    </Filter>
    <Filter Include="Header Files\view">
      <UniqueIdentifier>{9771b2c6-f45c-471a-a9f3-770a759121ab}</UniqueIdentifier>
    </Filter>
    <Filter Include="Header Files\model">
      <UniqueIdentifier>{825094e6-1bf7-4831-a87e-f89aa7ddea4a}</UniqueIdentifier>
    </Filter>
    <Filter Include="Header Files\custom_widgets">
      <UniqueIdentifier>{b0093c01-7ffb-4209-9ab3-0705670e7b27}</UniqueIdentifier>
    </Filter>
    <Filter Include="Form Files\menu">
      <UniqueIdentifier>{4e95317b-5ad5-4afe-b741-57f7813a4c91}</UniqueIdentifier>
    </Filter>
    <Filter Include="Header Files\menu">
      <UniqueIdentifier>{0c4fda8e-de65-43e8-9c98-8ba22aea59cb}</UniqueIdentifier>
    </Filter>
    <Filter Include="Source Files\menu">
      <UniqueIdentifier>{e532da5c-1a9d-4d20-a82a-4c8f89503b22}</UniqueIdentifier>
    </Filter>
    <Filter Include="Form Files\menu\workspace">
      <UniqueIdentifier>{94dea08b-d10f-409f-8bb8-232ecd3f098d}</UniqueIdentifier>
    </Filter>
    <Filter Include="Header Files\menu\workspace">
      <UniqueIdentifier>{94f389e0-c747-4184-a4ff-47173b5fab99}</UniqueIdentifier>
    </Filter>
    <Filter Include="Source Files\menu\workspace">
      <UniqueIdentifier>{94f215a4-64ea-4836-9aac-86abd4d26fa8}</UniqueIdentifier>
    </Filter>
    <Filter Include="Header Files\view\delegate">
      <UniqueIdentifier>{2f5e557f-6b58-4507-b369-fbdbefb8b052}</UniqueIdentifier>
    </Filter>
    <Filter Include="Header Files\util">
      <UniqueIdentifier>{f4268cf2-a061-4ed3-b95a-ab965eb05588}</UniqueIdentifier>
    </Filter>
  </ItemGroup>
  <ItemGroup>
    <ClCompile Include="main.cpp">
      <Filter>Source Files</Filter>
    </ClCompile>
    <ClCompile Include="main_window.cpp">
      <Filter>Source Files</Filter>
    </ClCompile>
    <ClCompile Include="legacy\k_errorv.c">
      <Filter>Source Files\legacy</Filter>
    </ClCompile>
    <ClCompile Include="legacy\s_iode.c">
      <Filter>Source Files\legacy</Filter>
    </ClCompile>
    <ClCompile Include="legacy\sb_gui.c">
      <Filter>Source Files\legacy</Filter>
    </ClCompile>
    <ClCompile Include="menu\workspace\workspace_load.cpp">
      <Filter>Source Files\menu\workspace</Filter>
    </ClCompile>
    <ClCompile Include="menu\workspace\workspace_save.cpp">
      <Filter>Source Files\menu\workspace</Filter>
    </ClCompile>
    <ClCompile Include="menu\workspace\workspace_clear.cpp">
      <Filter>Source Files\menu\workspace</Filter>
    </ClCompile>
  </ItemGroup>
  <ItemGroup>
    <ClInclude Include="bridge.h">
      <Filter>Header Files</Filter>
    </ClInclude>
    <ClInclude Include="tabs\abstract_table_view.h">
      <Filter>Header Files\view</Filter>
    </ClInclude>
    <ClInclude Include="tabs\abstract_table_model.h">
      <Filter>Header Files\model</Filter>
    </ClInclude>
    <ClInclude Include="wrapper_classes.h">
      <Filter>Header Files</Filter>
    </ClInclude>
    <ClInclude Include="util\double_validator.h">
      <Filter>Header Files\util</Filter>
    </ClInclude>
  </ItemGroup>
  <ItemGroup>
    <QtMoc Include="main_window.h">
      <Filter>Header Files</Filter>
    </QtMoc>
    <QtMoc Include="utils.h">
      <Filter>Header Files</Filter>
    </QtMoc>
    <QtMoc Include="tabs\tables_view.h">
      <Filter>Header Files\view</Filter>
    </QtMoc>
    <QtMoc Include="tabs\scalars_view.h">
      <Filter>Header Files\view</Filter>
    </QtMoc>
    <QtMoc Include="tabs\lists_view.h">
      <Filter>Header Files\view</Filter>
    </QtMoc>
    <QtMoc Include="tabs\identities_view.h">
      <Filter>Header Files\view</Filter>
    </QtMoc>
    <QtMoc Include="tabs\equations_view.h">
      <Filter>Header Files\view</Filter>
    </QtMoc>
    <QtMoc Include="tabs\comments_view.h">
      <Filter>Header Files\view</Filter>
    </QtMoc>
    <QtMoc Include="tabs\variables_view.h">
      <Filter>Header Files\view</Filter>
    </QtMoc>
    <QtMoc Include="tabs\variables_model.h">
      <Filter>Header Files\model</Filter>
    </QtMoc>
    <QtMoc Include="tabs\tables_model.h">
      <Filter>Header Files\model</Filter>
    </QtMoc>
    <QtMoc Include="tabs\scalars_model.h">
      <Filter>Header Files\model</Filter>
    </QtMoc>
    <QtMoc Include="tabs\lists_model.h">
      <Filter>Header Files\model</Filter>
    </QtMoc>
    <QtMoc Include="tabs\identities_model.h">
      <Filter>Header Files\model</Filter>
    </QtMoc>
    <QtMoc Include="tabs\equations_model.h">
      <Filter>Header Files\model</Filter>
    </QtMoc>
    <QtMoc Include="tabs\comments_model.h">
      <Filter>Header Files\model</Filter>
    </QtMoc>
    <QtMoc Include="custom_widgets\qfilechooser.h">
      <Filter>Header Files\custom_widgets</Filter>
    </QtMoc>
    <QtMoc Include="custom_widgets\qsampleedit.h">
      <Filter>Header Files\custom_widgets</Filter>
    </QtMoc>
    <QtMoc Include="menu\workspace\workspace_load.h">
      <Filter>Header Files\menu\workspace</Filter>
    </QtMoc>
    <QtMoc Include="menu\workspace\workspace_save.h">
      <Filter>Header Files\menu\workspace</Filter>
    </QtMoc>
    <QtMoc Include="menu\workspace\workspace_clear.h">
      <Filter>Header Files\menu\workspace</Filter>
    </QtMoc>
    <QtMoc Include="tabs\abstract_delegate.h">
      <Filter>Header Files\view\delegate</Filter>
    </QtMoc>
    <QtMoc Include="tabs\text_delegate.h">
      <Filter>Header Files\view\delegate</Filter>
    </QtMoc>
    <QtMoc Include="tabs\scalars_delegate.h">
      <Filter>Header Files\view\delegate</Filter>
    </QtMoc>
    <QtMoc Include="tabs\variables_delegate.h">
      <Filter>Header Files\view\delegate</Filter>
    </QtMoc>
  </ItemGroup>
  <ItemGroup>
    <QtUic Include="main_window.ui">
      <Filter>Form Files</Filter>
    </QtUic>
    <QtUic Include="menu\workspace\workspace_load.ui">
      <Filter>Form Files\menu\workspace</Filter>
    </QtUic>
    <QtUic Include="menu\workspace\workspace_save.ui">
      <Filter>Form Files\menu\workspace</Filter>
    </QtUic>
    <QtUic Include="menu\workspace\workspace_clear.ui">
      <Filter>Form Files\menu\workspace</Filter>
    </QtUic>
  </ItemGroup>
</Project>